// !$*UTF8*$!
{
	archiveVersion = 1;
	classes = {
	};
	objectVersion = 55;
	objects = {

/* Begin PBXBuildFile section */
		1D765D5E29F70D490009F125 /* MotivApp.swift in Sources */ = {isa = PBXBuildFile; fileRef = 1D765D5D29F70D490009F125 /* MotivApp.swift */; };
		1D765D6229F70D4B0009F125 /* Assets.xcassets in Resources */ = {isa = PBXBuildFile; fileRef = 1D765D6129F70D4B0009F125 /* Assets.xcassets */; };
		1D765D6529F70D4B0009F125 /* Preview Assets.xcassets in Resources */ = {isa = PBXBuildFile; fileRef = 1D765D6429F70D4B0009F125 /* Preview Assets.xcassets */; };
		1D765D6C29F714480009F125 /* AppsNavigatorView.swift in Sources */ = {isa = PBXBuildFile; fileRef = 1D765D6B29F714480009F125 /* AppsNavigatorView.swift */; };
		1D765D8029F85B160009F125 /* CALm.swift in Sources */ = {isa = PBXBuildFile; fileRef = 1D765D7F29F85B160009F125 /* CALm.swift */; };
		1D765D8229F85C2D0009F125 /* CALvm.swift in Sources */ = {isa = PBXBuildFile; fileRef = 1D765D8129F85C2D0009F125 /* CALvm.swift */; };
		1D765D8429F85D590009F125 /* TimeDateHelper.swift in Sources */ = {isa = PBXBuildFile; fileRef = 1D765D8329F85D590009F125 /* TimeDateHelper.swift */; };
		1D765D8629F85DE80009F125 /* CALv.swift in Sources */ = {isa = PBXBuildFile; fileRef = 1D765D8529F85DE80009F125 /* CALv.swift */; };
		1D765D8829F85E630009F125 /* CALvMonth.swift in Sources */ = {isa = PBXBuildFile; fileRef = 1D765D8729F85E630009F125 /* CALvMonth.swift */; };
		1D765D8A29F85F400009F125 /* CALvWeek.swift in Sources */ = {isa = PBXBuildFile; fileRef = 1D765D8929F85F400009F125 /* CALvWeek.swift */; };
		1D765D8C29F85FB00009F125 /* CALvDay.swift in Sources */ = {isa = PBXBuildFile; fileRef = 1D765D8B29F85FB00009F125 /* CALvDay.swift */; };
		1D765D8E29F860380009F125 /* CALvEventInteraction.swift in Sources */ = {isa = PBXBuildFile; fileRef = 1D765D8D29F860380009F125 /* CALvEventInteraction.swift */; };
		1D765D9029F8607F0009F125 /* CALvConflicts.swift in Sources */ = {isa = PBXBuildFile; fileRef = 1D765D8F29F8607F0009F125 /* CALvConflicts.swift */; };
		1D765D9229F861070009F125 /* HomeModel.swift in Sources */ = {isa = PBXBuildFile; fileRef = 1D765D9129F861070009F125 /* HomeModel.swift */; };
		1D765D9429F861960009F125 /* HomeViewModel.swift in Sources */ = {isa = PBXBuildFile; fileRef = 1D765D9329F861960009F125 /* HomeViewModel.swift */; };
		1D765D9629F861F60009F125 /* HomeView.swift in Sources */ = {isa = PBXBuildFile; fileRef = 1D765D9529F861F60009F125 /* HomeView.swift */; };
		1D765D9829F862810009F125 /* HomeNavBubble.swift in Sources */ = {isa = PBXBuildFile; fileRef = 1D765D9729F862810009F125 /* HomeNavBubble.swift */; };
		1D765D9C29F86A240009F125 /* TDLv.swift in Sources */ = {isa = PBXBuildFile; fileRef = 1D765D9B29F86A240009F125 /* TDLv.swift */; };
		1D765DA029F86AAE0009F125 /* FLCv.swift in Sources */ = {isa = PBXBuildFile; fileRef = 1D765D9F29F86AAE0009F125 /* FLCv.swift */; };
		1D765DA429F86B260009F125 /* RBXv.swift in Sources */ = {isa = PBXBuildFile; fileRef = 1D765DA329F86B260009F125 /* RBXv.swift */; };
		1D765DA829F86EFE0009F125 /* TDLm.swift in Sources */ = {isa = PBXBuildFile; fileRef = 1D765DA729F86EFE0009F125 /* TDLm.swift */; };
/* End PBXBuildFile section */

/* Begin PBXFileReference section */
		1D765D5A29F70D490009F125 /* Motiv.app */ = {isa = PBXFileReference; explicitFileType = wrapper.application; includeInIndex = 0; path = Motiv.app; sourceTree = BUILT_PRODUCTS_DIR; };
		1D765D5D29F70D490009F125 /* MotivApp.swift */ = {isa = PBXFileReference; lastKnownFileType = sourcecode.swift; path = MotivApp.swift; sourceTree = "<group>"; };
		1D765D6129F70D4B0009F125 /* Assets.xcassets */ = {isa = PBXFileReference; lastKnownFileType = folder.assetcatalog; path = Assets.xcassets; sourceTree = "<group>"; };
		1D765D6429F70D4B0009F125 /* Preview Assets.xcassets */ = {isa = PBXFileReference; lastKnownFileType = folder.assetcatalog; path = "Preview Assets.xcassets"; sourceTree = "<group>"; };
		1D765D6B29F714480009F125 /* AppsNavigatorView.swift */ = {isa = PBXFileReference; fileEncoding = 4; lastKnownFileType = sourcecode.swift; name = AppsNavigatorView.swift; path = "../../../motiv prerelease/motiv-prerelease/motiv-prerelease/AppsNavigatorView.swift"; sourceTree = "<group>"; };
		1D765D7F29F85B160009F125 /* CALm.swift */ = {isa = PBXFileReference; lastKnownFileType = sourcecode.swift; path = CALm.swift; sourceTree = "<group>"; };
		1D765D8129F85C2D0009F125 /* CALvm.swift */ = {isa = PBXFileReference; lastKnownFileType = sourcecode.swift; path = CALvm.swift; sourceTree = "<group>"; };
		1D765D8329F85D590009F125 /* TimeDateHelper.swift */ = {isa = PBXFileReference; lastKnownFileType = sourcecode.swift; path = TimeDateHelper.swift; sourceTree = "<group>"; };
		1D765D8529F85DE80009F125 /* CALv.swift */ = {isa = PBXFileReference; lastKnownFileType = sourcecode.swift; path = CALv.swift; sourceTree = "<group>"; };
		1D765D8729F85E630009F125 /* CALvMonth.swift */ = {isa = PBXFileReference; lastKnownFileType = sourcecode.swift; path = CALvMonth.swift; sourceTree = "<group>"; };
		1D765D8929F85F400009F125 /* CALvWeek.swift */ = {isa = PBXFileReference; lastKnownFileType = sourcecode.swift; path = CALvWeek.swift; sourceTree = "<group>"; };
		1D765D8B29F85FB00009F125 /* CALvDay.swift */ = {isa = PBXFileReference; lastKnownFileType = sourcecode.swift; path = CALvDay.swift; sourceTree = "<group>"; };
		1D765D8D29F860380009F125 /* CALvEventInteraction.swift */ = {isa = PBXFileReference; lastKnownFileType = sourcecode.swift; path = CALvEventInteraction.swift; sourceTree = "<group>"; };
		1D765D8F29F8607F0009F125 /* CALvConflicts.swift */ = {isa = PBXFileReference; lastKnownFileType = sourcecode.swift; path = CALvConflicts.swift; sourceTree = "<group>"; };
		1D765D9129F861070009F125 /* HomeModel.swift */ = {isa = PBXFileReference; lastKnownFileType = sourcecode.swift; path = HomeModel.swift; sourceTree = "<group>"; };
		1D765D9329F861960009F125 /* HomeViewModel.swift */ = {isa = PBXFileReference; lastKnownFileType = sourcecode.swift; path = HomeViewModel.swift; sourceTree = "<group>"; };
		1D765D9529F861F60009F125 /* HomeView.swift */ = {isa = PBXFileReference; lastKnownFileType = sourcecode.swift; path = HomeView.swift; sourceTree = "<group>"; };
		1D765D9729F862810009F125 /* HomeNavBubble.swift */ = {isa = PBXFileReference; lastKnownFileType = sourcecode.swift; path = HomeNavBubble.swift; sourceTree = "<group>"; };
		1D765D9B29F86A240009F125 /* TDLv.swift */ = {isa = PBXFileReference; lastKnownFileType = sourcecode.swift; path = TDLv.swift; sourceTree = "<group>"; };
		1D765D9F29F86AAE0009F125 /* FLCv.swift */ = {isa = PBXFileReference; lastKnownFileType = sourcecode.swift; path = FLCv.swift; sourceTree = "<group>"; };
		1D765DA329F86B260009F125 /* RBXv.swift */ = {isa = PBXFileReference; lastKnownFileType = sourcecode.swift; path = RBXv.swift; sourceTree = "<group>"; };
		1D765DA729F86EFE0009F125 /* TDLm.swift */ = {isa = PBXFileReference; lastKnownFileType = sourcecode.swift; path = TDLm.swift; sourceTree = "<group>"; };
/* End PBXFileReference section */

/* Begin PBXFrameworksBuildPhase section */
		1D765D5729F70D490009F125 /* Frameworks */ = {
			isa = PBXFrameworksBuildPhase;
			buildActionMask = 2147483647;
			files = (
			);
			runOnlyForDeploymentPostprocessing = 0;
		};
/* End PBXFrameworksBuildPhase section */

/* Begin PBXGroup section */
		1D765D5129F70D480009F125 = {
			isa = PBXGroup;
			children = (
				1D765D5C29F70D490009F125 /* Motiv */,
				1D765D5B29F70D490009F125 /* Products */,
			);
			sourceTree = "<group>";
		};
		1D765D5B29F70D490009F125 /* Products */ = {
			isa = PBXGroup;
			children = (
				1D765D5A29F70D490009F125 /* Motiv.app */,
			);
			name = Products;
			sourceTree = "<group>";
		};
		1D765D5C29F70D490009F125 /* Motiv */ = {
			isa = PBXGroup;
			children = (
				1D765D7729F824750009F125 /* Home */,
				1D765D7B29F8249E0009F125 /* Calendar - CAL */,
				1D765D9929F869D80009F125 /* ToDoLists - TDL */,
				1D765D9D29F86A660009F125 /* FlashCards - FLC */,
				1D765DA129F86ADC0009F125 /* RecipeBox - RBX */,
				1D765D5D29F70D490009F125 /* MotivApp.swift */,
				1D765D6B29F714480009F125 /* AppsNavigatorView.swift */,
				1D765D8329F85D590009F125 /* TimeDateHelper.swift */,
				1D765D6129F70D4B0009F125 /* Assets.xcassets */,
				1D765D6329F70D4B0009F125 /* Preview Content */,
			);
			path = Motiv;
			sourceTree = "<group>";
		};
		1D765D6329F70D4B0009F125 /* Preview Content */ = {
			isa = PBXGroup;
			children = (
				1D765D6429F70D4B0009F125 /* Preview Assets.xcassets */,
			);
			path = "Preview Content";
			sourceTree = "<group>";
		};
		1D765D7729F824750009F125 /* Home */ = {
			isa = PBXGroup;
			children = (
				1D765D7A29F824940009F125 /* Model */,
				1D765D7929F8248A0009F125 /* ViewModel */,
				1D765D7829F8247F0009F125 /* View */,
			);
			path = Home;
			sourceTree = "<group>";
		};
		1D765D7829F8247F0009F125 /* View */ = {
			isa = PBXGroup;
			children = (
				1D765D9529F861F60009F125 /* HomeView.swift */,
				1D765D9729F862810009F125 /* HomeNavBubble.swift */,
			);
			path = View;
			sourceTree = "<group>";
		};
		1D765D7929F8248A0009F125 /* ViewModel */ = {
			isa = PBXGroup;
			children = (
				1D765D9329F861960009F125 /* HomeViewModel.swift */,
			);
			path = ViewModel;
			sourceTree = "<group>";
		};
		1D765D7A29F824940009F125 /* Model */ = {
			isa = PBXGroup;
			children = (
				1D765D9129F861070009F125 /* HomeModel.swift */,
			);
			path = Model;
			sourceTree = "<group>";
		};
		1D765D7B29F8249E0009F125 /* Calendar - CAL */ = {
			isa = PBXGroup;
			children = (
				1D765D7E29F824C60009F125 /* Model */,
				1D765D7D29F824BF0009F125 /* ViewModel */,
				1D765D7C29F824B90009F125 /* View */,
			);
			path = "Calendar - CAL";
			sourceTree = "<group>";
		};
		1D765D7C29F824B90009F125 /* View */ = {
			isa = PBXGroup;
			children = (
				1D765D8529F85DE80009F125 /* CALv.swift */,
				1D765D8729F85E630009F125 /* CALvMonth.swift */,
				1D765D8929F85F400009F125 /* CALvWeek.swift */,
				1D765D8B29F85FB00009F125 /* CALvDay.swift */,
				1D765D8D29F860380009F125 /* CALvEventInteraction.swift */,
				1D765D8F29F8607F0009F125 /* CALvConflicts.swift */,
			);
			path = View;
			sourceTree = "<group>";
		};
		1D765D7D29F824BF0009F125 /* ViewModel */ = {
			isa = PBXGroup;
			children = (
				1D765D8129F85C2D0009F125 /* CALvm.swift */,
			);
			path = ViewModel;
			sourceTree = "<group>";
		};
		1D765D7E29F824C60009F125 /* Model */ = {
			isa = PBXGroup;
			children = (
				1D765D7F29F85B160009F125 /* CALm.swift */,
			);
			path = Model;
			sourceTree = "<group>";
		};
		1D765D9929F869D80009F125 /* ToDoLists - TDL */ = {
			isa = PBXGroup;
			children = (
				1D765DA529F86ED90009F125 /* Model */,
				1D765DA629F86EE40009F125 /* ViewModel */,
				1D765D9A29F86A130009F125 /* View */,
			);
			path = "ToDoLists - TDL";
			sourceTree = "<group>";
		};
		1D765D9A29F86A130009F125 /* View */ = {
			isa = PBXGroup;
			children = (
				1D765D9B29F86A240009F125 /* TDLv.swift */,
			);
			path = View;
			sourceTree = "<group>";
		};
		1D765D9D29F86A660009F125 /* FlashCards - FLC */ = {
			isa = PBXGroup;
			children = (
				1D765D9E29F86A9D0009F125 /* View */,
			);
			path = "FlashCards - FLC";
			sourceTree = "<group>";
		};
		1D765D9E29F86A9D0009F125 /* View */ = {
			isa = PBXGroup;
			children = (
				1D765D9F29F86AAE0009F125 /* FLCv.swift */,
			);
			path = View;
			sourceTree = "<group>";
		};
		1D765DA129F86ADC0009F125 /* RecipeBox - RBX */ = {
			isa = PBXGroup;
			children = (
				1D765DA229F86B160009F125 /* View */,
			);
			path = "RecipeBox - RBX";
			sourceTree = "<group>";
		};
		1D765DA229F86B160009F125 /* View */ = {
			isa = PBXGroup;
			children = (
				1D765DA329F86B260009F125 /* RBXv.swift */,
			);
			path = View;
			sourceTree = "<group>";
		};
		1D765DA529F86ED90009F125 /* Model */ = {
			isa = PBXGroup;
			children = (
				1D765DA729F86EFE0009F125 /* TDLm.swift */,
			);
			path = Model;
			sourceTree = "<group>";
		};
		1D765DA629F86EE40009F125 /* ViewModel */ = {
			isa = PBXGroup;
			children = (
			);
			path = ViewModel;
			sourceTree = "<group>";
		};
/* End PBXGroup section */

/* Begin PBXNativeTarget section */
		1D765D5929F70D490009F125 /* Motiv */ = {
			isa = PBXNativeTarget;
			buildConfigurationList = 1D765D6829F70D4B0009F125 /* Build configuration list for PBXNativeTarget "Motiv" */;
			buildPhases = (
				1D765D5629F70D490009F125 /* Sources */,
				1D765D5729F70D490009F125 /* Frameworks */,
				1D765D5829F70D490009F125 /* Resources */,
			);
			buildRules = (
			);
			dependencies = (
			);
			name = Motiv;
			productName = Motiv;
			productReference = 1D765D5A29F70D490009F125 /* Motiv.app */;
			productType = "com.apple.product-type.application";
		};
/* End PBXNativeTarget section */

/* Begin PBXProject section */
		1D765D5229F70D480009F125 /* Project object */ = {
			isa = PBXProject;
			attributes = {
				BuildIndependentTargetsInParallel = 1;
				LastSwiftUpdateCheck = 1340;
				LastUpgradeCheck = 1340;
				TargetAttributes = {
					1D765D5929F70D490009F125 = {
						CreatedOnToolsVersion = 13.4.1;
					};
				};
			};
			buildConfigurationList = 1D765D5529F70D480009F125 /* Build configuration list for PBXProject "Motiv" */;
			compatibilityVersion = "Xcode 13.0";
			developmentRegion = en;
			hasScannedForEncodings = 0;
			knownRegions = (
				en,
				Base,
			);
			mainGroup = 1D765D5129F70D480009F125;
			productRefGroup = 1D765D5B29F70D490009F125 /* Products */;
			projectDirPath = "";
			projectRoot = "";
			targets = (
				1D765D5929F70D490009F125 /* Motiv */,
			);
		};
/* End PBXProject section */

/* Begin PBXResourcesBuildPhase section */
		1D765D5829F70D490009F125 /* Resources */ = {
			isa = PBXResourcesBuildPhase;
			buildActionMask = 2147483647;
			files = (
				1D765D6529F70D4B0009F125 /* Preview Assets.xcassets in Resources */,
				1D765D6229F70D4B0009F125 /* Assets.xcassets in Resources */,
			);
			runOnlyForDeploymentPostprocessing = 0;
		};
/* End PBXResourcesBuildPhase section */

/* Begin PBXSourcesBuildPhase section */
		1D765D5629F70D490009F125 /* Sources */ = {
			isa = PBXSourcesBuildPhase;
			buildActionMask = 2147483647;
			files = (
				1D765D8429F85D590009F125 /* TimeDateHelper.swift in Sources */,
				1D765D9629F861F60009F125 /* HomeView.swift in Sources */,
				1D765D8C29F85FB00009F125 /* CALvDay.swift in Sources */,
				1D765DA829F86EFE0009F125 /* TDLm.swift in Sources */,
				1D765D9829F862810009F125 /* HomeNavBubble.swift in Sources */,
				1D765D6C29F714480009F125 /* AppsNavigatorView.swift in Sources */,
				1D765DA429F86B260009F125 /* RBXv.swift in Sources */,
				1D765D9029F8607F0009F125 /* CALvConflicts.swift in Sources */,
				1D765D8229F85C2D0009F125 /* CALvm.swift in Sources */,
				1D765D8A29F85F400009F125 /* CALvWeek.swift in Sources */,
				1D765D8E29F860380009F125 /* CALvEventInteraction.swift in Sources */,
				1D765D5E29F70D490009F125 /* MotivApp.swift in Sources */,
				1D765D9429F861960009F125 /* HomeViewModel.swift in Sources */,
				1D765DA029F86AAE0009F125 /* FLCv.swift in Sources */,
				1D765D9229F861070009F125 /* HomeModel.swift in Sources */,
				1D765D8829F85E630009F125 /* CALvMonth.swift in Sources */,
				1D765D8029F85B160009F125 /* CALm.swift in Sources */,
				1D765D8629F85DE80009F125 /* CALv.swift in Sources */,
				1D765D9C29F86A240009F125 /* TDLv.swift in Sources */,
			);
			runOnlyForDeploymentPostprocessing = 0;
		};
/* End PBXSourcesBuildPhase section */

/* Begin XCBuildConfiguration section */
		1D765D6629F70D4B0009F125 /* Debug */ = {
			isa = XCBuildConfiguration;
			buildSettings = {
				ALWAYS_SEARCH_USER_PATHS = NO;
				CLANG_ANALYZER_NONNULL = YES;
				CLANG_ANALYZER_NUMBER_OBJECT_CONVERSION = YES_AGGRESSIVE;
				CLANG_CXX_LANGUAGE_STANDARD = "gnu++17";
				CLANG_ENABLE_MODULES = YES;
				CLANG_ENABLE_OBJC_ARC = YES;
				CLANG_ENABLE_OBJC_WEAK = YES;
				CLANG_WARN_BLOCK_CAPTURE_AUTORELEASING = YES;
				CLANG_WARN_BOOL_CONVERSION = YES;
				CLANG_WARN_COMMA = YES;
				CLANG_WARN_CONSTANT_CONVERSION = YES;
				CLANG_WARN_DEPRECATED_OBJC_IMPLEMENTATIONS = YES;
				CLANG_WARN_DIRECT_OBJC_ISA_USAGE = YES_ERROR;
				CLANG_WARN_DOCUMENTATION_COMMENTS = YES;
				CLANG_WARN_EMPTY_BODY = YES;
				CLANG_WARN_ENUM_CONVERSION = YES;
				CLANG_WARN_INFINITE_RECURSION = YES;
				CLANG_WARN_INT_CONVERSION = YES;
				CLANG_WARN_NON_LITERAL_NULL_CONVERSION = YES;
				CLANG_WARN_OBJC_IMPLICIT_RETAIN_SELF = YES;
				CLANG_WARN_OBJC_LITERAL_CONVERSION = YES;
				CLANG_WARN_OBJC_ROOT_CLASS = YES_ERROR;
				CLANG_WARN_QUOTED_INCLUDE_IN_FRAMEWORK_HEADER = YES;
				CLANG_WARN_RANGE_LOOP_ANALYSIS = YES;
				CLANG_WARN_STRICT_PROTOTYPES = YES;
				CLANG_WARN_SUSPICIOUS_MOVE = YES;
				CLANG_WARN_UNGUARDED_AVAILABILITY = YES_AGGRESSIVE;
				CLANG_WARN_UNREACHABLE_CODE = YES;
				CLANG_WARN__DUPLICATE_METHOD_MATCH = YES;
				COPY_PHASE_STRIP = NO;
				DEBUG_INFORMATION_FORMAT = dwarf;
				ENABLE_STRICT_OBJC_MSGSEND = YES;
				ENABLE_TESTABILITY = YES;
				GCC_C_LANGUAGE_STANDARD = gnu11;
				GCC_DYNAMIC_NO_PIC = NO;
				GCC_NO_COMMON_BLOCKS = YES;
				GCC_OPTIMIZATION_LEVEL = 0;
				GCC_PREPROCESSOR_DEFINITIONS = (
					"DEBUG=1",
					"$(inherited)",
				);
				GCC_WARN_64_TO_32_BIT_CONVERSION = YES;
				GCC_WARN_ABOUT_RETURN_TYPE = YES_ERROR;
				GCC_WARN_UNDECLARED_SELECTOR = YES;
				GCC_WARN_UNINITIALIZED_AUTOS = YES_AGGRESSIVE;
				GCC_WARN_UNUSED_FUNCTION = YES;
				GCC_WARN_UNUSED_VARIABLE = YES;
				IPHONEOS_DEPLOYMENT_TARGET = 15.5;
				MTL_ENABLE_DEBUG_INFO = INCLUDE_SOURCE;
				MTL_FAST_MATH = YES;
				ONLY_ACTIVE_ARCH = YES;
				SDKROOT = iphoneos;
				SWIFT_ACTIVE_COMPILATION_CONDITIONS = DEBUG;
				SWIFT_OPTIMIZATION_LEVEL = "-Onone";
			};
			name = Debug;
		};
		1D765D6729F70D4B0009F125 /* Release */ = {
			isa = XCBuildConfiguration;
			buildSettings = {
				ALWAYS_SEARCH_USER_PATHS = NO;
				CLANG_ANALYZER_NONNULL = YES;
				CLANG_ANALYZER_NUMBER_OBJECT_CONVERSION = YES_AGGRESSIVE;
				CLANG_CXX_LANGUAGE_STANDARD = "gnu++17";
				CLANG_ENABLE_MODULES = YES;
				CLANG_ENABLE_OBJC_ARC = YES;
				CLANG_ENABLE_OBJC_WEAK = YES;
				CLANG_WARN_BLOCK_CAPTURE_AUTORELEASING = YES;
				CLANG_WARN_BOOL_CONVERSION = YES;
				CLANG_WARN_COMMA = YES;
				CLANG_WARN_CONSTANT_CONVERSION = YES;
				CLANG_WARN_DEPRECATED_OBJC_IMPLEMENTATIONS = YES;
				CLANG_WARN_DIRECT_OBJC_ISA_USAGE = YES_ERROR;
				CLANG_WARN_DOCUMENTATION_COMMENTS = YES;
				CLANG_WARN_EMPTY_BODY = YES;
				CLANG_WARN_ENUM_CONVERSION = YES;
				CLANG_WARN_INFINITE_RECURSION = YES;
				CLANG_WARN_INT_CONVERSION = YES;
				CLANG_WARN_NON_LITERAL_NULL_CONVERSION = YES;
				CLANG_WARN_OBJC_IMPLICIT_RETAIN_SELF = YES;
				CLANG_WARN_OBJC_LITERAL_CONVERSION = YES;
				CLANG_WARN_OBJC_ROOT_CLASS = YES_ERROR;
				CLANG_WARN_QUOTED_INCLUDE_IN_FRAMEWORK_HEADER = YES;
				CLANG_WARN_RANGE_LOOP_ANALYSIS = YES;
				CLANG_WARN_STRICT_PROTOTYPES = YES;
				CLANG_WARN_SUSPICIOUS_MOVE = YES;
				CLANG_WARN_UNGUARDED_AVAILABILITY = YES_AGGRESSIVE;
				CLANG_WARN_UNREACHABLE_CODE = YES;
				CLANG_WARN__DUPLICATE_METHOD_MATCH = YES;
				COPY_PHASE_STRIP = NO;
				DEBUG_INFORMATION_FORMAT = "dwarf-with-dsym";
				ENABLE_NS_ASSERTIONS = NO;
				ENABLE_STRICT_OBJC_MSGSEND = YES;
				GCC_C_LANGUAGE_STANDARD = gnu11;
				GCC_NO_COMMON_BLOCKS = YES;
				GCC_WARN_64_TO_32_BIT_CONVERSION = YES;
				GCC_WARN_ABOUT_RETURN_TYPE = YES_ERROR;
				GCC_WARN_UNDECLARED_SELECTOR = YES;
				GCC_WARN_UNINITIALIZED_AUTOS = YES_AGGRESSIVE;
				GCC_WARN_UNUSED_FUNCTION = YES;
				GCC_WARN_UNUSED_VARIABLE = YES;
				IPHONEOS_DEPLOYMENT_TARGET = 15.5;
				MTL_ENABLE_DEBUG_INFO = NO;
				MTL_FAST_MATH = YES;
				SDKROOT = iphoneos;
				SWIFT_COMPILATION_MODE = wholemodule;
				SWIFT_OPTIMIZATION_LEVEL = "-O";
				VALIDATE_PRODUCT = YES;
			};
			name = Release;
		};
		1D765D6929F70D4B0009F125 /* Debug */ = {
			isa = XCBuildConfiguration;
			buildSettings = {
				ASSETCATALOG_COMPILER_APPICON_NAME = AppIcon;
				ASSETCATALOG_COMPILER_GLOBAL_ACCENT_COLOR_NAME = AccentColor;
				CODE_SIGN_STYLE = Automatic;
				CURRENT_PROJECT_VERSION = 1;
				DEVELOPMENT_ASSET_PATHS = "\"Motiv/Preview Content\"";
				DEVELOPMENT_TEAM = Y22NMS3DXG;
				ENABLE_PREVIEWS = YES;
				GENERATE_INFOPLIST_FILE = YES;
				INFOPLIST_KEY_UIApplicationSceneManifest_Generation = YES;
				INFOPLIST_KEY_UIApplicationSupportsIndirectInputEvents = YES;
				INFOPLIST_KEY_UILaunchScreen_Generation = YES;
				INFOPLIST_KEY_UISupportedInterfaceOrientations_iPad = "UIInterfaceOrientationPortrait UIInterfaceOrientationPortraitUpsideDown UIInterfaceOrientationLandscapeLeft UIInterfaceOrientationLandscapeRight";
				INFOPLIST_KEY_UISupportedInterfaceOrientations_iPhone = "UIInterfaceOrientationPortrait UIInterfaceOrientationLandscapeLeft UIInterfaceOrientationLandscapeRight";
				LD_RUNPATH_SEARCH_PATHS = (
					"$(inherited)",
					"@executable_path/Frameworks",
				);
				MARKETING_VERSION = 1.0;
				PRODUCT_BUNDLE_IDENTIFIER = com.peterwebster.Motiv;
				PRODUCT_NAME = "$(TARGET_NAME)";
				SWIFT_EMIT_LOC_STRINGS = YES;
				SWIFT_VERSION = 5.0;
				TARGETED_DEVICE_FAMILY = "1,2";
			};
			name = Debug;
		};
		1D765D6A29F70D4B0009F125 /* Release */ = {
			isa = XCBuildConfiguration;
			buildSettings = {
				ASSETCATALOG_COMPILER_APPICON_NAME = AppIcon;
				ASSETCATALOG_COMPILER_GLOBAL_ACCENT_COLOR_NAME = AccentColor;
				CODE_SIGN_STYLE = Automatic;
				CURRENT_PROJECT_VERSION = 1;
				DEVELOPMENT_ASSET_PATHS = "\"Motiv/Preview Content\"";
				DEVELOPMENT_TEAM = Y22NMS3DXG;
				ENABLE_PREVIEWS = YES;
				GENERATE_INFOPLIST_FILE = YES;
				INFOPLIST_KEY_UIApplicationSceneManifest_Generation = YES;
				INFOPLIST_KEY_UIApplicationSupportsIndirectInputEvents = YES;
				INFOPLIST_KEY_UILaunchScreen_Generation = YES;
				INFOPLIST_KEY_UISupportedInterfaceOrientations_iPad = "UIInterfaceOrientationPortrait UIInterfaceOrientationPortraitUpsideDown UIInterfaceOrientationLandscapeLeft UIInterfaceOrientationLandscapeRight";
				INFOPLIST_KEY_UISupportedInterfaceOrientations_iPhone = "UIInterfaceOrientationPortrait UIInterfaceOrientationLandscapeLeft UIInterfaceOrientationLandscapeRight";
				LD_RUNPATH_SEARCH_PATHS = (
					"$(inherited)",
					"@executable_path/Frameworks",
				);
				MARKETING_VERSION = 1.0;
				PRODUCT_BUNDLE_IDENTIFIER = com.peterwebster.Motiv;
				PRODUCT_NAME = "$(TARGET_NAME)";
				SWIFT_EMIT_LOC_STRINGS = YES;
				SWIFT_VERSION = 5.0;
				TARGETED_DEVICE_FAMILY = "1,2";
			};
			name = Release;
		};
/* End XCBuildConfiguration section */

/* Begin XCConfigurationList section */
		1D765D5529F70D480009F125 /* Build configuration list for PBXProject "Motiv" */ = {
			isa = XCConfigurationList;
			buildConfigurations = (
				1D765D6629F70D4B0009F125 /* Debug */,
				1D765D6729F70D4B0009F125 /* Release */,
			);
			defaultConfigurationIsVisible = 0;
			defaultConfigurationName = Release;
		};
		1D765D6829F70D4B0009F125 /* Build configuration list for PBXNativeTarget "Motiv" */ = {
			isa = XCConfigurationList;
			buildConfigurations = (
				1D765D6929F70D4B0009F125 /* Debug */,
				1D765D6A29F70D4B0009F125 /* Release */,
			);
			defaultConfigurationIsVisible = 0;
			defaultConfigurationName = Release;
		};
/* End XCConfigurationList section */
	};
	rootObject = 1D765D5229F70D480009F125 /* Project object */;
}
